
Microsoft Visual Studio Solution File, Format Version 12.00
# Visual Studio Version 17
VisualStudioVersion = 17.11.35312.102
MinimumVisualStudioVersion = 10.0.40219.1
Project("{FAE04EC0-301F-11D3-BF4B-00C04F79EFBC}") = "mathGame.fatihskalemci", "mathGame.fatihskalemci\mathGame.fatihskalemci.csproj", "{ADBE1689-2375-4314-BD2B-103C8B9B332B}"
EndProject
Global
	GlobalSection(SolutionConfigurationPlatforms) = preSolution
		Debug|Any CPU = Debug|Any CPU
		Release|Any CPU = Release|Any CPU
	EndGlobalSection
	GlobalSection(ProjectConfigurationPlatforms) = postSolution
		{ADBE1689-2375-4314-BD2B-103C8B9B332B}.Debug|Any CPU.ActiveCfg = Debug|Any CPU
		{ADBE1689-2375-4314-BD2B-103C8B9B332B}.Debug|Any CPU.Build.0 = Debug|Any CPU
		{ADBE1689-2375-4314-BD2B-103C8B9B332B}.Release|Any CPU.ActiveCfg = Release|Any CPU
		{ADBE1689-2375-4314-BD2B-103C8B9B332B}.Release|Any CPU.Build.0 = Release|Any CPU
	EndGlobalSection
	GlobalSection(SolutionProperties) = preSolution
		HideSolutionNode = FALSE
	EndGlobalSection
	GlobalSection(ExtensibilityGlobals) = postSolution
		SolutionGuid = {A4CDC241-5AE2-48F5-99DB-55C8E43CA527}
	EndGlobalSection
EndGlobal
